{
    "_meta": {
        "hash": {
            "sha256": "f20308c87d9372a35f74b70a4d8bb346d31c5286abb8f91f27c3881c42f9a045"
        },
        "pipfile-spec": 6,
        "requires": {
            "python_version": "3.11"
        },
        "sources": [
            {
                "name": "pypi",
                "url": "https://pypi.org/simple",
                "verify_ssl": true
            }
        ]
    },
    "default": {
        "django-environ": {
            "hashes": [
                "sha256:bff5381533056328c9ac02f71790bd5bf1cea81b1beeb648f28b81c9e83e0a21",
                "sha256:f21a5ef8cc603da1870bbf9a09b7e5577ab5f6da451b843dbcc721a7bca6b3d9"
            ],
            "index": "pypi",
            "version": "==0.9.0"
        }
    },
    "develop": {}
}
